<?xml version="1.0" encoding="utf-8"?>
<Project ToolsVersion="4.0" xmlns="http://schemas.microsoft.com/developer/msbuild/2003">
  <ItemGroup>
    <Filter Include="Resource Files">
      <UniqueIdentifier>{D9D6E242-F8AF-46E4-B9FD-80ECBC20BA3E}</UniqueIdentifier>
      <Extensions>qrc;*</Extensions>
      <ParseFiles>false</ParseFiles>
    </Filter>
    <Filter Include="code">
      <UniqueIdentifier>{1590bf9b-5dbd-45a2-9ca8-244c273c1419}</UniqueIdentifier>
    </Filter>
    <Filter Include="code\ui">
      <UniqueIdentifier>{d6e14e34-0897-4b73-8d39-08ed2f3d4cba}</UniqueIdentifier>
    </Filter>
    <Filter Include="code\data">
      <UniqueIdentifier>{2ad216b5-1e27-479b-ac46-bc34d13d7c98}</UniqueIdentifier>
    </Filter>
  </ItemGroup>
  <ItemGroup>
    <ClCompile Include="..\nvdsearch\code\main.cpp">
      <Filter>code</Filter>
    </ClCompile>
    <ClCompile Include="..\nvdsearch\code\data\cve.cpp">
      <Filter>code\data</Filter>
    </ClCompile>
    <ClCompile Include="..\nvdsearch\code\data\database.cpp">
      <Filter>code\data</Filter>
    </ClCompile>
    <ClCompile Include="..\nvdsearch\code\ui\cvewidget.cpp">
      <Filter>code\ui</Filter>
    </ClCompile>
    <ClCompile Include="..\nvdsearch\code\ui\cvesearchwidget.cpp">
      <Filter>code\ui</Filter>
    </ClCompile>
    <ClCompile Include="..\nvdsearch\code\ui\nvdsearchwidget.cpp">
      <Filter>code\ui</Filter>
    </ClCompile>
  </ItemGroup>
  <ItemGroup>
    <ClInclude Include="..\nvdsearch\code\data\cve.h">
      <Filter>code\data</Filter>
    </ClInclude>
    <ClInclude Include="..\nvdsearch\code\data\database.h">
      <Filter>code\data</Filter>
    </ClInclude>
  </ItemGroup>
  <ItemGroup>
    <QtMoc Include="..\nvdsearch\code\ui\cvewidget.h">
      <Filter>code\ui</Filter>
    </QtMoc>
    <QtMoc Include="..\nvdsearch\code\ui\cvesearchwidget.h">
      <Filter>code\ui</Filter>
    </QtMoc>
    <QtMoc Include="..\nvdsearch\code\ui\nvdsearchwidget.h">
      <Filter>code\ui</Filter>
    </QtMoc>
  </ItemGroup>
</Project>